
Microsoft Visual Studio Solution File, Format Version 12.00
#
Project("{2150E333-8FDC-42A3-9474-1A3956D46DE8}") = "src", "src", "{BF632155-9626-467A-83B8-C98C1C23008A}"
EndProject
Project("{FAE04EC0-301F-11D3-BF4B-00C04F79EFBC}") = "ServiceChannel.Test.Domain", "src\ServiceChannel.Test.Domain\ServiceChannel.Test.Domain.csproj", "{4F2D9E84-7C3E-48AE-AA75-D600F08CEAFE}"
EndProject
Project("{FAE04EC0-301F-11D3-BF4B-00C04F79EFBC}") = "ServiceChannel.Test.Application", "src\ServiceChannel.Test.Application\ServiceChannel.Test.Application.csproj", "{EF67754C-3AE8-459F-8AC9-E6FAFB1001C6}"
EndProject
Project("{FAE04EC0-301F-11D3-BF4B-00C04F79EFBC}") = "ServiceChannel.Test.Infrastructure", "src\ServiceChannel.Test.Infrastructure\ServiceChannel.Test.Infrastructure.csproj", "{574EDB13-5A3E-4149-A21C-840B2C78ADEF}"
EndProject
Project("{FAE04EC0-301F-11D3-BF4B-00C04F79EFBC}") = "ServiceChannel.Test.WebApi", "src\ServiceChannel.Test.WebApi\ServiceChannel.Test.WebApi.csproj", "{1B8170A6-C472-4AE0-99C8-78124BE98FBF}"
EndProject
Global
	GlobalSection(SolutionConfigurationPlatforms) = preSolution
		Debug|Any CPU = Debug|Any CPU
		Release|Any CPU = Release|Any CPU
	EndGlobalSection
	GlobalSection(ProjectConfigurationPlatforms) = postSolution
		{1D6F8352-A091-422B-BEEA-BE3AAF365395}.Debug|Any CPU.ActiveCfg = Debug|Any CPU
		{1D6F8352-A091-422B-BEEA-BE3AAF365395}.Debug|Any CPU.Build.0 = Debug|Any CPU
		{1D6F8352-A091-422B-BEEA-BE3AAF365395}.Release|Any CPU.ActiveCfg = Release|Any CPU
		{1D6F8352-A091-422B-BEEA-BE3AAF365395}.Release|Any CPU.Build.0 = Release|Any CPU
		{4F2D9E84-7C3E-48AE-AA75-D600F08CEAFE}.Debug|Any CPU.ActiveCfg = Debug|Any CPU
		{4F2D9E84-7C3E-48AE-AA75-D600F08CEAFE}.Debug|Any CPU.Build.0 = Debug|Any CPU
		{4F2D9E84-7C3E-48AE-AA75-D600F08CEAFE}.Release|Any CPU.ActiveCfg = Release|Any CPU
		{4F2D9E84-7C3E-48AE-AA75-D600F08CEAFE}.Release|Any CPU.Build.0 = Release|Any CPU
		{EF67754C-3AE8-459F-8AC9-E6FAFB1001C6}.Debug|Any CPU.ActiveCfg = Debug|Any CPU
		{EF67754C-3AE8-459F-8AC9-E6FAFB1001C6}.Debug|Any CPU.Build.0 = Debug|Any CPU
		{EF67754C-3AE8-459F-8AC9-E6FAFB1001C6}.Release|Any CPU.ActiveCfg = Release|Any CPU
		{EF67754C-3AE8-459F-8AC9-E6FAFB1001C6}.Release|Any CPU.Build.0 = Release|Any CPU
		{574EDB13-5A3E-4149-A21C-840B2C78ADEF}.Debug|Any CPU.ActiveCfg = Debug|Any CPU
		{574EDB13-5A3E-4149-A21C-840B2C78ADEF}.Debug|Any CPU.Build.0 = Debug|Any CPU
		{574EDB13-5A3E-4149-A21C-840B2C78ADEF}.Release|Any CPU.ActiveCfg = Release|Any CPU
		{574EDB13-5A3E-4149-A21C-840B2C78ADEF}.Release|Any CPU.Build.0 = Release|Any CPU
		{1B8170A6-C472-4AE0-99C8-78124BE98FBF}.Debug|Any CPU.ActiveCfg = Debug|Any CPU
		{1B8170A6-C472-4AE0-99C8-78124BE98FBF}.Debug|Any CPU.Build.0 = Debug|Any CPU
		{1B8170A6-C472-4AE0-99C8-78124BE98FBF}.Release|Any CPU.ActiveCfg = Release|Any CPU
		{1B8170A6-C472-4AE0-99C8-78124BE98FBF}.Release|Any CPU.Build.0 = Release|Any CPU
	EndGlobalSection
	GlobalSection(NestedProjects) = preSolution
		{1D6F8352-A091-422B-BEEA-BE3AAF365395} = {BF632155-9626-467A-83B8-C98C1C23008A}
		{4F2D9E84-7C3E-48AE-AA75-D600F08CEAFE} = {BF632155-9626-467A-83B8-C98C1C23008A}
		{EF67754C-3AE8-459F-8AC9-E6FAFB1001C6} = {BF632155-9626-467A-83B8-C98C1C23008A}
		{574EDB13-5A3E-4149-A21C-840B2C78ADEF} = {BF632155-9626-467A-83B8-C98C1C23008A}
		{1B8170A6-C472-4AE0-99C8-78124BE98FBF} = {BF632155-9626-467A-83B8-C98C1C23008A}
	EndGlobalSection
EndGlobal
